// !$*UTF8*$!
{
	archiveVersion = 1;
	classes = {
	};
	objectVersion = 50;
	objects = {

/* Begin PBXBuildFile section */
		8D6C0F0524FA84C600041F8C /* URLRequestApp.swift in Sources */ = {isa = PBXBuildFile; fileRef = 8D6C0F0424FA84C600041F8C /* URLRequestApp.swift */; };
		8D6C0F0724FA84C600041F8C /* ContentView.swift in Sources */ = {isa = PBXBuildFile; fileRef = 8D6C0F0624FA84C600041F8C /* ContentView.swift */; };
		8D6C0F0924FA84C900041F8C /* Assets.xcassets in Resources */ = {isa = PBXBuildFile; fileRef = 8D6C0F0824FA84C900041F8C /* Assets.xcassets */; };
		8D6C0F0C24FA84C900041F8C /* Preview Assets.xcassets in Resources */ = {isa = PBXBuildFile; fileRef = 8D6C0F0B24FA84C900041F8C /* Preview Assets.xcassets */; };
		8D6C0F1724FA84C900041F8C /* URLRequestTests.swift in Sources */ = {isa = PBXBuildFile; fileRef = 8D6C0F1624FA84C900041F8C /* URLRequestTests.swift */; };
		8D6C0F2224FA84C900041F8C /* URLRequestUITests.swift in Sources */ = {isa = PBXBuildFile; fileRef = 8D6C0F2124FA84C900041F8C /* URLRequestUITests.swift */; };
/* End PBXBuildFile section */

/* Begin PBXContainerItemProxy section */
		8D6C0F1324FA84C900041F8C /* PBXContainerItemProxy */ = {
			isa = PBXContainerItemProxy;
			containerPortal = 8D6C0EF924FA84C600041F8C /* Project object */;
			proxyType = 1;
			remoteGlobalIDString = 8D6C0F0024FA84C600041F8C;
			remoteInfo = URLRequest;
		};
		8D6C0F1E24FA84C900041F8C /* PBXContainerItemProxy */ = {
			isa = PBXContainerItemProxy;
			containerPortal = 8D6C0EF924FA84C600041F8C /* Project object */;
			proxyType = 1;
			remoteGlobalIDString = 8D6C0F0024FA84C600041F8C;
			remoteInfo = URLRequest;
		};
/* End PBXContainerItemProxy section */

/* Begin PBXFileReference section */
		8D6C0F0124FA84C600041F8C /* URLRequest.app */ = {isa = PBXFileReference; explicitFileType = wrapper.application; includeInIndex = 0; path = URLRequest.app; sourceTree = BUILT_PRODUCTS_DIR; };
		8D6C0F0424FA84C600041F8C /* URLRequestApp.swift */ = {isa = PBXFileReference; lastKnownFileType = sourcecode.swift; path = URLRequestApp.swift; sourceTree = "<group>"; };
		8D6C0F0624FA84C600041F8C /* ContentView.swift */ = {isa = PBXFileReference; lastKnownFileType = sourcecode.swift; path = ContentView.swift; sourceTree = "<group>"; };
		8D6C0F0824FA84C900041F8C /* Assets.xcassets */ = {isa = PBXFileReference; lastKnownFileType = folder.assetcatalog; path = Assets.xcassets; sourceTree = "<group>"; };
		8D6C0F0B24FA84C900041F8C /* Preview Assets.xcassets */ = {isa = PBXFileReference; lastKnownFileType = folder.assetcatalog; path = "Preview Assets.xcassets"; sourceTree = "<group>"; };
		8D6C0F0D24FA84C900041F8C /* Info.plist */ = {isa = PBXFileReference; lastKnownFileType = text.plist.xml; path = Info.plist; sourceTree = "<group>"; };
		8D6C0F1224FA84C900041F8C /* URLRequestTests.xctest */ = {isa = PBXFileReference; explicitFileType = wrapper.cfbundle; includeInIndex = 0; path = URLRequestTests.xctest; sourceTree = BUILT_PRODUCTS_DIR; };
		8D6C0F1624FA84C900041F8C /* URLRequestTests.swift */ = {isa = PBXFileReference; lastKnownFileType = sourcecode.swift; path = URLRequestTests.swift; sourceTree = "<group>"; };
		8D6C0F1824FA84C900041F8C /* Info.plist */ = {isa = PBXFileReference; lastKnownFileType = text.plist.xml; path = Info.plist; sourceTree = "<group>"; };
		8D6C0F1D24FA84C900041F8C /* URLRequestUITests.xctest */ = {isa = PBXFileReference; explicitFileType = wrapper.cfbundle; includeInIndex = 0; path = URLRequestUITests.xctest; sourceTree = BUILT_PRODUCTS_DIR; };
		8D6C0F2124FA84C900041F8C /* URLRequestUITests.swift */ = {isa = PBXFileReference; lastKnownFileType = sourcecode.swift; path = URLRequestUITests.swift; sourceTree = "<group>"; };
		8D6C0F2324FA84C900041F8C /* Info.plist */ = {isa = PBXFileReference; lastKnownFileType = text.plist.xml; path = Info.plist; sourceTree = "<group>"; };
/* End PBXFileReference section */

/* Begin PBXFrameworksBuildPhase section */
		8D6C0EFE24FA84C600041F8C /* Frameworks */ = {
			isa = PBXFrameworksBuildPhase;
			buildActionMask = 2147483647;
			files = (
			);
			runOnlyForDeploymentPostprocessing = 0;
		};
		8D6C0F0F24FA84C900041F8C /* Frameworks */ = {
			isa = PBXFrameworksBuildPhase;
			buildActionMask = 2147483647;
			files = (
			);
			runOnlyForDeploymentPostprocessing = 0;
		};
		8D6C0F1A24FA84C900041F8C /* Frameworks */ = {
			isa = PBXFrameworksBuildPhase;
			buildActionMask = 2147483647;
			files = (
			);
			runOnlyForDeploymentPostprocessing = 0;
		};
/* End PBXFrameworksBuildPhase section */

/* Begin PBXGroup section */
		8D6C0EF824FA84C600041F8C = {
			isa = PBXGroup;
			children = (
				8D6C0F0324FA84C600041F8C /* URLRequest */,
				8D6C0F1524FA84C900041F8C /* URLRequestTests */,
				8D6C0F2024FA84C900041F8C /* URLRequestUITests */,
				8D6C0F0224FA84C600041F8C /* Products */,
			);
			sourceTree = "<group>";
		};
		8D6C0F0224FA84C600041F8C /* Products */ = {
			isa = PBXGroup;
			children = (
				8D6C0F0124FA84C600041F8C /* URLRequest.app */,
				8D6C0F1224FA84C900041F8C /* URLRequestTests.xctest */,
				8D6C0F1D24FA84C900041F8C /* URLRequestUITests.xctest */,
			);
			name = Products;
			sourceTree = "<group>";
		};
		8D6C0F0324FA84C600041F8C /* URLRequest */ = {
			isa = PBXGroup;
			children = (
				8D6C0F0424FA84C600041F8C /* URLRequestApp.swift */,
				8D6C0F0624FA84C600041F8C /* ContentView.swift */,
				8D6C0F0824FA84C900041F8C /* Assets.xcassets */,
				8D6C0F0D24FA84C900041F8C /* Info.plist */,
				8D6C0F0A24FA84C900041F8C /* Preview Content */,
			);
			path = URLRequest;
			sourceTree = "<group>";
		};
		8D6C0F0A24FA84C900041F8C /* Preview Content */ = {
			isa = PBXGroup;
			children = (
				8D6C0F0B24FA84C900041F8C /* Preview Assets.xcassets */,
			);
			path = "Preview Content";
			sourceTree = "<group>";
		};
		8D6C0F1524FA84C900041F8C /* URLRequestTests */ = {
			isa = PBXGroup;
			children = (
				8D6C0F1624FA84C900041F8C /* URLRequestTests.swift */,
				8D6C0F1824FA84C900041F8C /* Info.plist */,
			);
			path = URLRequestTests;
			sourceTree = "<group>";
		};
		8D6C0F2024FA84C900041F8C /* URLRequestUITests */ = {
			isa = PBXGroup;
			children = (
				8D6C0F2124FA84C900041F8C /* URLRequestUITests.swift */,
				8D6C0F2324FA84C900041F8C /* Info.plist */,
			);
			path = URLRequestUITests;
			sourceTree = "<group>";
		};
/* End PBXGroup section */

/* Begin PBXNativeTarget section */
		8D6C0F0024FA84C600041F8C /* URLRequest */ = {
			isa = PBXNativeTarget;
			buildConfigurationList = 8D6C0F2624FA84C900041F8C /* Build configuration list for PBXNativeTarget "URLRequest" */;
			buildPhases = (
				8D6C0EFD24FA84C600041F8C /* Sources */,
				8D6C0EFE24FA84C600041F8C /* Frameworks */,
				8D6C0EFF24FA84C600041F8C /* Resources */,
			);
			buildRules = (
			);
			dependencies = (
			);
			name = URLRequest;
			productName = URLRequest;
			productReference = 8D6C0F0124FA84C600041F8C /* URLRequest.app */;
			productType = "com.apple.product-type.application";
		};
		8D6C0F1124FA84C900041F8C /* URLRequestTests */ = {
			isa = PBXNativeTarget;
			buildConfigurationList = 8D6C0F2924FA84C900041F8C /* Build configuration list for PBXNativeTarget "URLRequestTests" */;
			buildPhases = (
				8D6C0F0E24FA84C900041F8C /* Sources */,
				8D6C0F0F24FA84C900041F8C /* Frameworks */,
				8D6C0F1024FA84C900041F8C /* Resources */,
			);
			buildRules = (
			);
			dependencies = (
				8D6C0F1424FA84C900041F8C /* PBXTargetDependency */,
			);
			name = URLRequestTests;
			productName = URLRequestTests;
			productReference = 8D6C0F1224FA84C900041F8C /* URLRequestTests.xctest */;
			productType = "com.apple.product-type.bundle.unit-test";
		};
		8D6C0F1C24FA84C900041F8C /* URLRequestUITests */ = {
			isa = PBXNativeTarget;
			buildConfigurationList = 8D6C0F2C24FA84C900041F8C /* Build configuration list for PBXNativeTarget "URLRequestUITests" */;
			buildPhases = (
				8D6C0F1924FA84C900041F8C /* Sources */,
				8D6C0F1A24FA84C900041F8C /* Frameworks */,
				8D6C0F1B24FA84C900041F8C /* Resources */,
			);
			buildRules = (
			);
			dependencies = (
				8D6C0F1F24FA84C900041F8C /* PBXTargetDependency */,
			);
			name = URLRequestUITests;
			productName = URLRequestUITests;
			productReference = 8D6C0F1D24FA84C900041F8C /* URLRequestUITests.xctest */;
			productType = "com.apple.product-type.bundle.ui-testing";
		};
/* End PBXNativeTarget section */

/* Begin PBXProject section */
		8D6C0EF924FA84C600041F8C /* Project object */ = {
			isa = PBXProject;
			attributes = {
				LastSwiftUpdateCheck = 1200;
				LastUpgradeCheck = 1200;
				TargetAttributes = {
					8D6C0F0024FA84C600041F8C = {
						CreatedOnToolsVersion = 12.0;
					};
					8D6C0F1124FA84C900041F8C = {
						CreatedOnToolsVersion = 12.0;
						TestTargetID = 8D6C0F0024FA84C600041F8C;
					};
					8D6C0F1C24FA84C900041F8C = {
						CreatedOnToolsVersion = 12.0;
						TestTargetID = 8D6C0F0024FA84C600041F8C;
					};
				};
			};
			buildConfigurationList = 8D6C0EFC24FA84C600041F8C /* Build configuration list for PBXProject "URLRequest" */;
			compatibilityVersion = "Xcode 9.3";
			developmentRegion = en;
			hasScannedForEncodings = 0;
			knownRegions = (
				en,
				Base,
			);
			mainGroup = 8D6C0EF824FA84C600041F8C;
			productRefGroup = 8D6C0F0224FA84C600041F8C /* Products */;
			projectDirPath = "";
			projectRoot = "";
			targets = (
				8D6C0F0024FA84C600041F8C /* URLRequest */,
				8D6C0F1124FA84C900041F8C /* URLRequestTests */,
				8D6C0F1C24FA84C900041F8C /* URLRequestUITests */,
			);
		};
/* End PBXProject section */

/* Begin PBXResourcesBuildPhase section */
		8D6C0EFF24FA84C600041F8C /* Resources */ = {
			isa = PBXResourcesBuildPhase;
			buildActionMask = 2147483647;
			files = (
				8D6C0F0C24FA84C900041F8C /* Preview Assets.xcassets in Resources */,
				8D6C0F0924FA84C900041F8C /* Assets.xcassets in Resources */,
			);
			runOnlyForDeploymentPostprocessing = 0;
		};
		8D6C0F1024FA84C900041F8C /* Resources */ = {
			isa = PBXResourcesBuildPhase;
			buildActionMask = 2147483647;
			files = (
			);
			runOnlyForDeploymentPostprocessing = 0;
		};
		8D6C0F1B24FA84C900041F8C /* Resources */ = {
			isa = PBXResourcesBuildPhase;
			buildActionMask = 2147483647;
			files = (
			);
			runOnlyForDeploymentPostprocessing = 0;
		};
/* End PBXResourcesBuildPhase section */

/* Begin PBXSourcesBuildPhase section */
		8D6C0EFD24FA84C600041F8C /* Sources */ = {
			isa = PBXSourcesBuildPhase;
			buildActionMask = 2147483647;
			files = (
				8D6C0F0724FA84C600041F8C /* ContentView.swift in Sources */,
				8D6C0F0524FA84C600041F8C /* URLRequestApp.swift in Sources */,
			);
			runOnlyForDeploymentPostprocessing = 0;
		};
		8D6C0F0E24FA84C900041F8C /* Sources */ = {
			isa = PBXSourcesBuildPhase;
			buildActionMask = 2147483647;
			files = (
				8D6C0F1724FA84C900041F8C /* URLRequestTests.swift in Sources */,
			);
			runOnlyForDeploymentPostprocessing = 0;
		};
		8D6C0F1924FA84C900041F8C /* Sources */ = {
			isa = PBXSourcesBuildPhase;
			buildActionMask = 2147483647;
			files = (
				8D6C0F2224FA84C900041F8C /* URLRequestUITests.swift in Sources */,
			);
			runOnlyForDeploymentPostprocessing = 0;
		};
/* End PBXSourcesBuildPhase section */

/* Begin PBXTargetDependency section */
		8D6C0F1424FA84C900041F8C /* PBXTargetDependency */ = {
			isa = PBXTargetDependency;
			target = 8D6C0F0024FA84C600041F8C /* URLRequest */;
			targetProxy = 8D6C0F1324FA84C900041F8C /* PBXContainerItemProxy */;
		};
		8D6C0F1F24FA84C900041F8C /* PBXTargetDependency */ = {
			isa = PBXTargetDependency;
			target = 8D6C0F0024FA84C600041F8C /* URLRequest */;
			targetProxy = 8D6C0F1E24FA84C900041F8C /* PBXContainerItemProxy */;
		};
/* End PBXTargetDependency section */

/* Begin XCBuildConfiguration section */
		8D6C0F2424FA84C900041F8C /* Debug */ = {
			isa = XCBuildConfiguration;
			buildSettings = {
				ALWAYS_SEARCH_USER_PATHS = NO;
				CLANG_ANALYZER_NONNULL = YES;
				CLANG_ANALYZER_NUMBER_OBJECT_CONVERSION = YES_AGGRESSIVE;
				CLANG_CXX_LANGUAGE_STANDARD = "gnu++14";
				CLANG_CXX_LIBRARY = "libc++";
				CLANG_ENABLE_MODULES = YES;
				CLANG_ENABLE_OBJC_ARC = YES;
				CLANG_ENABLE_OBJC_WEAK = YES;
				CLANG_WARN_BLOCK_CAPTURE_AUTORELEASING = YES;
				CLANG_WARN_BOOL_CONVERSION = YES;
				CLANG_WARN_COMMA = YES;
				CLANG_WARN_CONSTANT_CONVERSION = YES;
				CLANG_WARN_DEPRECATED_OBJC_IMPLEMENTATIONS = YES;
				CLANG_WARN_DIRECT_OBJC_ISA_USAGE = YES_ERROR;
				CLANG_WARN_DOCUMENTATION_COMMENTS = YES;
				CLANG_WARN_EMPTY_BODY = YES;
				CLANG_WARN_ENUM_CONVERSION = YES;
				CLANG_WARN_INFINITE_RECURSION = YES;
				CLANG_WARN_INT_CONVERSION = YES;
				CLANG_WARN_NON_LITERAL_NULL_CONVERSION = YES;
				CLANG_WARN_OBJC_IMPLICIT_RETAIN_SELF = YES;
				CLANG_WARN_OBJC_LITERAL_CONVERSION = YES;
				CLANG_WARN_OBJC_ROOT_CLASS = YES_ERROR;
				CLANG_WARN_QUOTED_INCLUDE_IN_FRAMEWORK_HEADER = YES;
				CLANG_WARN_RANGE_LOOP_ANALYSIS = YES;
				CLANG_WARN_STRICT_PROTOTYPES = YES;
				CLANG_WARN_SUSPICIOUS_MOVE = YES;
				CLANG_WARN_UNGUARDED_AVAILABILITY = YES_AGGRESSIVE;
				CLANG_WARN_UNREACHABLE_CODE = YES;
				CLANG_WARN__DUPLICATE_METHOD_MATCH = YES;
				COPY_PHASE_STRIP = NO;
				DEBUG_INFORMATION_FORMAT = dwarf;
				ENABLE_STRICT_OBJC_MSGSEND = YES;
				ENABLE_TESTABILITY = YES;
				GCC_C_LANGUAGE_STANDARD = gnu11;
				GCC_DYNAMIC_NO_PIC = NO;
				GCC_NO_COMMON_BLOCKS = YES;
				GCC_OPTIMIZATION_LEVEL = 0;
				GCC_PREPROCESSOR_DEFINITIONS = (
					"DEBUG=1",
					"$(inherited)",
				);
				GCC_WARN_64_TO_32_BIT_CONVERSION = YES;
				GCC_WARN_ABOUT_RETURN_TYPE = YES_ERROR;
				GCC_WARN_UNDECLARED_SELECTOR = YES;
				GCC_WARN_UNINITIALIZED_AUTOS = YES_AGGRESSIVE;
				GCC_WARN_UNUSED_FUNCTION = YES;
				GCC_WARN_UNUSED_VARIABLE = YES;
				IPHONEOS_DEPLOYMENT_TARGET = 14.0;
				MTL_ENABLE_DEBUG_INFO = INCLUDE_SOURCE;
				MTL_FAST_MATH = YES;
				ONLY_ACTIVE_ARCH = YES;
				SDKROOT = iphoneos;
				SWIFT_ACTIVE_COMPILATION_CONDITIONS = DEBUG;
				SWIFT_OPTIMIZATION_LEVEL = "-Onone";
			};
			name = Debug;
		};
		8D6C0F2524FA84C900041F8C /* Release */ = {
			isa = XCBuildConfiguration;
			buildSettings = {
				ALWAYS_SEARCH_USER_PATHS = NO;
				CLANG_ANALYZER_NONNULL = YES;
				CLANG_ANALYZER_NUMBER_OBJECT_CONVERSION = YES_AGGRESSIVE;
				CLANG_CXX_LANGUAGE_STANDARD = "gnu++14";
				CLANG_CXX_LIBRARY = "libc++";
				CLANG_ENABLE_MODULES = YES;
				CLANG_ENABLE_OBJC_ARC = YES;
				CLANG_ENABLE_OBJC_WEAK = YES;
				CLANG_WARN_BLOCK_CAPTURE_AUTORELEASING = YES;
				CLANG_WARN_BOOL_CONVERSION = YES;
				CLANG_WARN_COMMA = YES;
				CLANG_WARN_CONSTANT_CONVERSION = YES;
				CLANG_WARN_DEPRECATED_OBJC_IMPLEMENTATIONS = YES;
				CLANG_WARN_DIRECT_OBJC_ISA_USAGE = YES_ERROR;
				CLANG_WARN_DOCUMENTATION_COMMENTS = YES;
				CLANG_WARN_EMPTY_BODY = YES;
				CLANG_WARN_ENUM_CONVERSION = YES;
				CLANG_WARN_INFINITE_RECURSION = YES;
				CLANG_WARN_INT_CONVERSION = YES;
				CLANG_WARN_NON_LITERAL_NULL_CONVERSION = YES;
				CLANG_WARN_OBJC_IMPLICIT_RETAIN_SELF = YES;
				CLANG_WARN_OBJC_LITERAL_CONVERSION = YES;
				CLANG_WARN_OBJC_ROOT_CLASS = YES_ERROR;
				CLANG_WARN_QUOTED_INCLUDE_IN_FRAMEWORK_HEADER = YES;
				CLANG_WARN_RANGE_LOOP_ANALYSIS = YES;
				CLANG_WARN_STRICT_PROTOTYPES = YES;
				CLANG_WARN_SUSPICIOUS_MOVE = YES;
				CLANG_WARN_UNGUARDED_AVAILABILITY = YES_AGGRESSIVE;
				CLANG_WARN_UNREACHABLE_CODE = YES;
				CLANG_WARN__DUPLICATE_METHOD_MATCH = YES;
				COPY_PHASE_STRIP = NO;
				DEBUG_INFORMATION_FORMAT = "dwarf-with-dsym";
				ENABLE_NS_ASSERTIONS = NO;
				ENABLE_STRICT_OBJC_MSGSEND = YES;
				GCC_C_LANGUAGE_STANDARD = gnu11;
				GCC_NO_COMMON_BLOCKS = YES;
				GCC_WARN_64_TO_32_BIT_CONVERSION = YES;
				GCC_WARN_ABOUT_RETURN_TYPE = YES_ERROR;
				GCC_WARN_UNDECLARED_SELECTOR = YES;
				GCC_WARN_UNINITIALIZED_AUTOS = YES_AGGRESSIVE;
				GCC_WARN_UNUSED_FUNCTION = YES;
				GCC_WARN_UNUSED_VARIABLE = YES;
				IPHONEOS_DEPLOYMENT_TARGET = 14.0;
				MTL_ENABLE_DEBUG_INFO = NO;
				MTL_FAST_MATH = YES;
				SDKROOT = iphoneos;
				SWIFT_COMPILATION_MODE = wholemodule;
				SWIFT_OPTIMIZATION_LEVEL = "-O";
				VALIDATE_PRODUCT = YES;
			};
			name = Release;
		};
		8D6C0F2724FA84C900041F8C /* Debug */ = {
			isa = XCBuildConfiguration;
			buildSettings = {
				ASSETCATALOG_COMPILER_APPICON_NAME = AppIcon;
				ASSETCATALOG_COMPILER_GLOBAL_ACCENT_COLOR_NAME = AccentColor;
				CODE_SIGN_STYLE = Automatic;
				DEVELOPMENT_ASSET_PATHS = "\"URLRequest/Preview Content\"";
				DEVELOPMENT_TEAM = S7HY56XG6J;
				ENABLE_PREVIEWS = YES;
				INFOPLIST_FILE = URLRequest/Info.plist;
				IPHONEOS_DEPLOYMENT_TARGET = 14.0;
				LD_RUNPATH_SEARCH_PATHS = (
					"$(inherited)",
					"@executable_path/Frameworks",
				);
				PRODUCT_BUNDLE_IDENTIFIER = "Lucas-Abijmil.URLRequest";
				PRODUCT_NAME = "$(TARGET_NAME)";
				SWIFT_VERSION = 5.0;
				TARGETED_DEVICE_FAMILY = "1,2";
			};
			name = Debug;
		};
		8D6C0F2824FA84C900041F8C /* Release */ = {
			isa = XCBuildConfiguration;
			buildSettings = {
				ASSETCATALOG_COMPILER_APPICON_NAME = AppIcon;
				ASSETCATALOG_COMPILER_GLOBAL_ACCENT_COLOR_NAME = AccentColor;
				CODE_SIGN_STYLE = Automatic;
				DEVELOPMENT_ASSET_PATHS = "\"URLRequest/Preview Content\"";
				DEVELOPMENT_TEAM = S7HY56XG6J;
				ENABLE_PREVIEWS = YES;
				INFOPLIST_FILE = URLRequest/Info.plist;
				IPHONEOS_DEPLOYMENT_TARGET = 14.0;
				LD_RUNPATH_SEARCH_PATHS = (
					"$(inherited)",
					"@executable_path/Frameworks",
				);
				PRODUCT_BUNDLE_IDENTIFIER = "Lucas-Abijmil.URLRequest";
				PRODUCT_NAME = "$(TARGET_NAME)";
				SWIFT_VERSION = 5.0;
				TARGETED_DEVICE_FAMILY = "1,2";
			};
			name = Release;
		};
		8D6C0F2A24FA84C900041F8C /* Debug */ = {
			isa = XCBuildConfiguration;
			buildSettings = {
				ALWAYS_EMBED_SWIFT_STANDARD_LIBRARIES = YES;
				BUNDLE_LOADER = "$(TEST_HOST)";
				CODE_SIGN_STYLE = Automatic;
				DEVELOPMENT_TEAM = S7HY56XG6J;
				INFOPLIST_FILE = URLRequestTests/Info.plist;
				IPHONEOS_DEPLOYMENT_TARGET = 14.0;
				LD_RUNPATH_SEARCH_PATHS = (
					"$(inherited)",
					"@executable_path/Frameworks",
					"@loader_path/Frameworks",
				);
				PRODUCT_BUNDLE_IDENTIFIER = "Lucas-Abijmil.URLRequestTests";
				PRODUCT_NAME = "$(TARGET_NAME)";
				SWIFT_VERSION = 5.0;
				TARGETED_DEVICE_FAMILY = "1,2";
				TEST_HOST = "$(BUILT_PRODUCTS_DIR)/URLRequest.app/URLRequest";
			};
			name = Debug;
		};
		8D6C0F2B24FA84C900041F8C /* Release */ = {
			isa = XCBuildConfiguration;
			buildSettings = {
				ALWAYS_EMBED_SWIFT_STANDARD_LIBRARIES = YES;
				BUNDLE_LOADER = "$(TEST_HOST)";
				CODE_SIGN_STYLE = Automatic;
				DEVELOPMENT_TEAM = S7HY56XG6J;
				INFOPLIST_FILE = URLRequestTests/Info.plist;
				IPHONEOS_DEPLOYMENT_TARGET = 14.0;
				LD_RUNPATH_SEARCH_PATHS = (
					"$(inherited)",
					"@executable_path/Frameworks",
					"@loader_path/Frameworks",
				);
				PRODUCT_BUNDLE_IDENTIFIER = "Lucas-Abijmil.URLRequestTests";
				PRODUCT_NAME = "$(TARGET_NAME)";
				SWIFT_VERSION = 5.0;
				TARGETED_DEVICE_FAMILY = "1,2";
				TEST_HOST = "$(BUILT_PRODUCTS_DIR)/URLRequest.app/URLRequest";
			};
			name = Release;
		};
		8D6C0F2D24FA84C900041F8C /* Debug */ = {
			isa = XCBuildConfiguration;
			buildSettings = {
				ALWAYS_EMBED_SWIFT_STANDARD_LIBRARIES = YES;
				CODE_SIGN_STYLE = Automatic;
				DEVELOPMENT_TEAM = S7HY56XG6J;
				INFOPLIST_FILE = URLRequestUITests/Info.plist;
				LD_RUNPATH_SEARCH_PATHS = (
					"$(inherited)",
					"@executable_path/Frameworks",
					"@loader_path/Frameworks",
				);
				PRODUCT_BUNDLE_IDENTIFIER = "Lucas-Abijmil.URLRequestUITests";
				PRODUCT_NAME = "$(TARGET_NAME)";
				SWIFT_VERSION = 5.0;
				TARGETED_DEVICE_FAMILY = "1,2";
				TEST_TARGET_NAME = URLRequest;
			};
			name = Debug;
		};
		8D6C0F2E24FA84C900041F8C /* Release */ = {
			isa = XCBuildConfiguration;
			buildSettings = {
				ALWAYS_EMBED_SWIFT_STANDARD_LIBRARIES = YES;
				CODE_SIGN_STYLE = Automatic;
				DEVELOPMENT_TEAM = S7HY56XG6J;
				INFOPLIST_FILE = URLRequestUITests/Info.plist;
				LD_RUNPATH_SEARCH_PATHS = (
					"$(inherited)",
					"@executable_path/Frameworks",
					"@loader_path/Frameworks",
				);
				PRODUCT_BUNDLE_IDENTIFIER = "Lucas-Abijmil.URLRequestUITests";
				PRODUCT_NAME = "$(TARGET_NAME)";
				SWIFT_VERSION = 5.0;
				TARGETED_DEVICE_FAMILY = "1,2";
				TEST_TARGET_NAME = URLRequest;
			};
			name = Release;
		};
/* End XCBuildConfiguration section */

/* Begin XCConfigurationList section */
		8D6C0EFC24FA84C600041F8C /* Build configuration list for PBXProject "URLRequest" */ = {
			isa = XCConfigurationList;
			buildConfigurations = (
				8D6C0F2424FA84C900041F8C /* Debug */,
				8D6C0F2524FA84C900041F8C /* Release */,
			);
			defaultConfigurationIsVisible = 0;
			defaultConfigurationName = Release;
		};
		8D6C0F2624FA84C900041F8C /* Build configuration list for PBXNativeTarget "URLRequest" */ = {
			isa = XCConfigurationList;
			buildConfigurations = (
				8D6C0F2724FA84C900041F8C /* Debug */,
				8D6C0F2824FA84C900041F8C /* Release */,
			);
			defaultConfigurationIsVisible = 0;
			defaultConfigurationName = Release;
		};
		8D6C0F2924FA84C900041F8C /* Build configuration list for PBXNativeTarget "URLRequestTests" */ = {
			isa = XCConfigurationList;
			buildConfigurations = (
				8D6C0F2A24FA84C900041F8C /* Debug */,
				8D6C0F2B24FA84C900041F8C /* Release */,
			);
			defaultConfigurationIsVisible = 0;
			defaultConfigurationName = Release;
		};
		8D6C0F2C24FA84C900041F8C /* Build configuration list for PBXNativeTarget "URLRequestUITests" */ = {
			isa = XCConfigurationList;
			buildConfigurations = (
				8D6C0F2D24FA84C900041F8C /* Debug */,
				8D6C0F2E24FA84C900041F8C /* Release */,
			);
			defaultConfigurationIsVisible = 0;
			defaultConfigurationName = Release;
		};
/* End XCConfigurationList section */
	};
	rootObject = 8D6C0EF924FA84C600041F8C /* Project object */;
}
