// !$*UTF8*$!
{
	archiveVersion = 1;
	classes = {
	};
	objectVersion = 50;
	objects = {

/* Begin PBXBuildFile section */
		8D0545B924DD22720035ADE1 /* __non_escaping_closuresApp.swift in Sources */ = {isa = PBXBuildFile; fileRef = 8D0545B824DD22720035ADE1 /* __non_escaping_closuresApp.swift */; };
		8D0545BB24DD22720035ADE1 /* ContentView.swift in Sources */ = {isa = PBXBuildFile; fileRef = 8D0545BA24DD22720035ADE1 /* ContentView.swift */; };
		8D0545BD24DD22730035ADE1 /* Assets.xcassets in Resources */ = {isa = PBXBuildFile; fileRef = 8D0545BC24DD22730035ADE1 /* Assets.xcassets */; };
		8D0545C024DD22730035ADE1 /* Preview Assets.xcassets in Resources */ = {isa = PBXBuildFile; fileRef = 8D0545BF24DD22730035ADE1 /* Preview Assets.xcassets */; };
		8D0545CB24DD22730035ADE1 /* __non_escaping_closuresTests.swift in Sources */ = {isa = PBXBuildFile; fileRef = 8D0545CA24DD22730035ADE1 /* __non_escaping_closuresTests.swift */; };
		8D0545D624DD22730035ADE1 /* __non_escaping_closuresUITests.swift in Sources */ = {isa = PBXBuildFile; fileRef = 8D0545D524DD22730035ADE1 /* __non_escaping_closuresUITests.swift */; };
/* End PBXBuildFile section */

/* Begin PBXContainerItemProxy section */
		8D0545C724DD22730035ADE1 /* PBXContainerItemProxy */ = {
			isa = PBXContainerItemProxy;
			containerPortal = 8D0545AD24DD22720035ADE1 /* Project object */;
			proxyType = 1;
			remoteGlobalIDString = 8D0545B424DD22720035ADE1;
			remoteInfo = "@(non)escaping closures";
		};
		8D0545D224DD22730035ADE1 /* PBXContainerItemProxy */ = {
			isa = PBXContainerItemProxy;
			containerPortal = 8D0545AD24DD22720035ADE1 /* Project object */;
			proxyType = 1;
			remoteGlobalIDString = 8D0545B424DD22720035ADE1;
			remoteInfo = "@(non)escaping closures";
		};
/* End PBXContainerItemProxy section */

/* Begin PBXFileReference section */
		8D0545B524DD22720035ADE1 /* @(non)escaping closures.app */ = {isa = PBXFileReference; explicitFileType = wrapper.application; includeInIndex = 0; path = "@(non)escaping closures.app"; sourceTree = BUILT_PRODUCTS_DIR; };
		8D0545B824DD22720035ADE1 /* __non_escaping_closuresApp.swift */ = {isa = PBXFileReference; lastKnownFileType = sourcecode.swift; path = __non_escaping_closuresApp.swift; sourceTree = "<group>"; };
		8D0545BA24DD22720035ADE1 /* ContentView.swift */ = {isa = PBXFileReference; lastKnownFileType = sourcecode.swift; path = ContentView.swift; sourceTree = "<group>"; };
		8D0545BC24DD22730035ADE1 /* Assets.xcassets */ = {isa = PBXFileReference; lastKnownFileType = folder.assetcatalog; path = Assets.xcassets; sourceTree = "<group>"; };
		8D0545BF24DD22730035ADE1 /* Preview Assets.xcassets */ = {isa = PBXFileReference; lastKnownFileType = folder.assetcatalog; path = "Preview Assets.xcassets"; sourceTree = "<group>"; };
		8D0545C124DD22730035ADE1 /* Info.plist */ = {isa = PBXFileReference; lastKnownFileType = text.plist.xml; path = Info.plist; sourceTree = "<group>"; };
		8D0545C624DD22730035ADE1 /* @(non)escaping closuresTests.xctest */ = {isa = PBXFileReference; explicitFileType = wrapper.cfbundle; includeInIndex = 0; path = "@(non)escaping closuresTests.xctest"; sourceTree = BUILT_PRODUCTS_DIR; };
		8D0545CA24DD22730035ADE1 /* __non_escaping_closuresTests.swift */ = {isa = PBXFileReference; lastKnownFileType = sourcecode.swift; path = __non_escaping_closuresTests.swift; sourceTree = "<group>"; };
		8D0545CC24DD22730035ADE1 /* Info.plist */ = {isa = PBXFileReference; lastKnownFileType = text.plist.xml; path = Info.plist; sourceTree = "<group>"; };
		8D0545D124DD22730035ADE1 /* @(non)escaping closuresUITests.xctest */ = {isa = PBXFileReference; explicitFileType = wrapper.cfbundle; includeInIndex = 0; path = "@(non)escaping closuresUITests.xctest"; sourceTree = BUILT_PRODUCTS_DIR; };
		8D0545D524DD22730035ADE1 /* __non_escaping_closuresUITests.swift */ = {isa = PBXFileReference; lastKnownFileType = sourcecode.swift; path = __non_escaping_closuresUITests.swift; sourceTree = "<group>"; };
		8D0545D724DD22730035ADE1 /* Info.plist */ = {isa = PBXFileReference; lastKnownFileType = text.plist.xml; path = Info.plist; sourceTree = "<group>"; };
/* End PBXFileReference section */

/* Begin PBXFrameworksBuildPhase section */
		8D0545B224DD22720035ADE1 /* Frameworks */ = {
			isa = PBXFrameworksBuildPhase;
			buildActionMask = 2147483647;
			files = (
			);
			runOnlyForDeploymentPostprocessing = 0;
		};
		8D0545C324DD22730035ADE1 /* Frameworks */ = {
			isa = PBXFrameworksBuildPhase;
			buildActionMask = 2147483647;
			files = (
			);
			runOnlyForDeploymentPostprocessing = 0;
		};
		8D0545CE24DD22730035ADE1 /* Frameworks */ = {
			isa = PBXFrameworksBuildPhase;
			buildActionMask = 2147483647;
			files = (
			);
			runOnlyForDeploymentPostprocessing = 0;
		};
/* End PBXFrameworksBuildPhase section */

/* Begin PBXGroup section */
		8D0545AC24DD22720035ADE1 = {
			isa = PBXGroup;
			children = (
				8D0545B724DD22720035ADE1 /* @(non)escaping closures */,
				8D0545C924DD22730035ADE1 /* @(non)escaping closuresTests */,
				8D0545D424DD22730035ADE1 /* @(non)escaping closuresUITests */,
				8D0545B624DD22720035ADE1 /* Products */,
			);
			sourceTree = "<group>";
		};
		8D0545B624DD22720035ADE1 /* Products */ = {
			isa = PBXGroup;
			children = (
				8D0545B524DD22720035ADE1 /* @(non)escaping closures.app */,
				8D0545C624DD22730035ADE1 /* @(non)escaping closuresTests.xctest */,
				8D0545D124DD22730035ADE1 /* @(non)escaping closuresUITests.xctest */,
			);
			name = Products;
			sourceTree = "<group>";
		};
		8D0545B724DD22720035ADE1 /* @(non)escaping closures */ = {
			isa = PBXGroup;
			children = (
				8D0545B824DD22720035ADE1 /* __non_escaping_closuresApp.swift */,
				8D0545BA24DD22720035ADE1 /* ContentView.swift */,
				8D40C6BF24E85D9D00E18FAB /* New Group */,
				8D0545BC24DD22730035ADE1 /* Assets.xcassets */,
				8D0545C124DD22730035ADE1 /* Info.plist */,
				8D0545BE24DD22730035ADE1 /* Preview Content */,
			);
			path = "@(non)escaping closures";
			sourceTree = "<group>";
		};
		8D0545BE24DD22730035ADE1 /* Preview Content */ = {
			isa = PBXGroup;
			children = (
				8D0545BF24DD22730035ADE1 /* Preview Assets.xcassets */,
			);
			path = "Preview Content";
			sourceTree = "<group>";
		};
		8D0545C924DD22730035ADE1 /* @(non)escaping closuresTests */ = {
			isa = PBXGroup;
			children = (
				8D0545CA24DD22730035ADE1 /* __non_escaping_closuresTests.swift */,
				8D0545CC24DD22730035ADE1 /* Info.plist */,
			);
			path = "@(non)escaping closuresTests";
			sourceTree = "<group>";
		};
		8D0545D424DD22730035ADE1 /* @(non)escaping closuresUITests */ = {
			isa = PBXGroup;
			children = (
				8D0545D524DD22730035ADE1 /* __non_escaping_closuresUITests.swift */,
				8D0545D724DD22730035ADE1 /* Info.plist */,
			);
			path = "@(non)escaping closuresUITests";
			sourceTree = "<group>";
		};
		8D40C6BF24E85D9D00E18FAB /* New Group */ = {
			isa = PBXGroup;
			children = (
				8D40C6C024E85DA100E18FAB /* New Group */,
			);
			path = "New Group";
			sourceTree = "<group>";
		};
		8D40C6C024E85DA100E18FAB /* New Group */ = {
			isa = PBXGroup;
			children = (
			);
			path = "New Group";
			sourceTree = "<group>";
		};
/* End PBXGroup section */

/* Begin PBXNativeTarget section */
		8D0545B424DD22720035ADE1 /* @(non)escaping closures */ = {
			isa = PBXNativeTarget;
			buildConfigurationList = 8D0545DA24DD22730035ADE1 /* Build configuration list for PBXNativeTarget "@(non)escaping closures" */;
			buildPhases = (
				8D0545B124DD22720035ADE1 /* Sources */,
				8D0545B224DD22720035ADE1 /* Frameworks */,
				8D0545B324DD22720035ADE1 /* Resources */,
			);
			buildRules = (
			);
			dependencies = (
			);
			name = "@(non)escaping closures";
			productName = "@(non)escaping closures";
			productReference = 8D0545B524DD22720035ADE1 /* @(non)escaping closures.app */;
			productType = "com.apple.product-type.application";
		};
		8D0545C524DD22730035ADE1 /* @(non)escaping closuresTests */ = {
			isa = PBXNativeTarget;
			buildConfigurationList = 8D0545DD24DD22730035ADE1 /* Build configuration list for PBXNativeTarget "@(non)escaping closuresTests" */;
			buildPhases = (
				8D0545C224DD22730035ADE1 /* Sources */,
				8D0545C324DD22730035ADE1 /* Frameworks */,
				8D0545C424DD22730035ADE1 /* Resources */,
			);
			buildRules = (
			);
			dependencies = (
				8D0545C824DD22730035ADE1 /* PBXTargetDependency */,
			);
			name = "@(non)escaping closuresTests";
			productName = "@(non)escaping closuresTests";
			productReference = 8D0545C624DD22730035ADE1 /* @(non)escaping closuresTests.xctest */;
			productType = "com.apple.product-type.bundle.unit-test";
		};
		8D0545D024DD22730035ADE1 /* @(non)escaping closuresUITests */ = {
			isa = PBXNativeTarget;
			buildConfigurationList = 8D0545E024DD22730035ADE1 /* Build configuration list for PBXNativeTarget "@(non)escaping closuresUITests" */;
			buildPhases = (
				8D0545CD24DD22730035ADE1 /* Sources */,
				8D0545CE24DD22730035ADE1 /* Frameworks */,
				8D0545CF24DD22730035ADE1 /* Resources */,
			);
			buildRules = (
			);
			dependencies = (
				8D0545D324DD22730035ADE1 /* PBXTargetDependency */,
			);
			name = "@(non)escaping closuresUITests";
			productName = "@(non)escaping closuresUITests";
			productReference = 8D0545D124DD22730035ADE1 /* @(non)escaping closuresUITests.xctest */;
			productType = "com.apple.product-type.bundle.ui-testing";
		};
/* End PBXNativeTarget section */

/* Begin PBXProject section */
		8D0545AD24DD22720035ADE1 /* Project object */ = {
			isa = PBXProject;
			attributes = {
				LastSwiftUpdateCheck = 1200;
				LastUpgradeCheck = 1200;
				TargetAttributes = {
					8D0545B424DD22720035ADE1 = {
						CreatedOnToolsVersion = 12.0;
					};
					8D0545C524DD22730035ADE1 = {
						CreatedOnToolsVersion = 12.0;
						TestTargetID = 8D0545B424DD22720035ADE1;
					};
					8D0545D024DD22730035ADE1 = {
						CreatedOnToolsVersion = 12.0;
						TestTargetID = 8D0545B424DD22720035ADE1;
					};
				};
			};
			buildConfigurationList = 8D0545B024DD22720035ADE1 /* Build configuration list for PBXProject "@(non)escaping closures" */;
			compatibilityVersion = "Xcode 9.3";
			developmentRegion = en;
			hasScannedForEncodings = 0;
			knownRegions = (
				en,
				Base,
			);
			mainGroup = 8D0545AC24DD22720035ADE1;
			productRefGroup = 8D0545B624DD22720035ADE1 /* Products */;
			projectDirPath = "";
			projectRoot = "";
			targets = (
				8D0545B424DD22720035ADE1 /* @(non)escaping closures */,
				8D0545C524DD22730035ADE1 /* @(non)escaping closuresTests */,
				8D0545D024DD22730035ADE1 /* @(non)escaping closuresUITests */,
			);
		};
/* End PBXProject section */

/* Begin PBXResourcesBuildPhase section */
		8D0545B324DD22720035ADE1 /* Resources */ = {
			isa = PBXResourcesBuildPhase;
			buildActionMask = 2147483647;
			files = (
				8D0545C024DD22730035ADE1 /* Preview Assets.xcassets in Resources */,
				8D0545BD24DD22730035ADE1 /* Assets.xcassets in Resources */,
			);
			runOnlyForDeploymentPostprocessing = 0;
		};
		8D0545C424DD22730035ADE1 /* Resources */ = {
			isa = PBXResourcesBuildPhase;
			buildActionMask = 2147483647;
			files = (
			);
			runOnlyForDeploymentPostprocessing = 0;
		};
		8D0545CF24DD22730035ADE1 /* Resources */ = {
			isa = PBXResourcesBuildPhase;
			buildActionMask = 2147483647;
			files = (
			);
			runOnlyForDeploymentPostprocessing = 0;
		};
/* End PBXResourcesBuildPhase section */

/* Begin PBXSourcesBuildPhase section */
		8D0545B124DD22720035ADE1 /* Sources */ = {
			isa = PBXSourcesBuildPhase;
			buildActionMask = 2147483647;
			files = (
				8D0545BB24DD22720035ADE1 /* ContentView.swift in Sources */,
				8D0545B924DD22720035ADE1 /* __non_escaping_closuresApp.swift in Sources */,
			);
			runOnlyForDeploymentPostprocessing = 0;
		};
		8D0545C224DD22730035ADE1 /* Sources */ = {
			isa = PBXSourcesBuildPhase;
			buildActionMask = 2147483647;
			files = (
				8D0545CB24DD22730035ADE1 /* __non_escaping_closuresTests.swift in Sources */,
			);
			runOnlyForDeploymentPostprocessing = 0;
		};
		8D0545CD24DD22730035ADE1 /* Sources */ = {
			isa = PBXSourcesBuildPhase;
			buildActionMask = 2147483647;
			files = (
				8D0545D624DD22730035ADE1 /* __non_escaping_closuresUITests.swift in Sources */,
			);
			runOnlyForDeploymentPostprocessing = 0;
		};
/* End PBXSourcesBuildPhase section */

/* Begin PBXTargetDependency section */
		8D0545C824DD22730035ADE1 /* PBXTargetDependency */ = {
			isa = PBXTargetDependency;
			target = 8D0545B424DD22720035ADE1 /* @(non)escaping closures */;
			targetProxy = 8D0545C724DD22730035ADE1 /* PBXContainerItemProxy */;
		};
		8D0545D324DD22730035ADE1 /* PBXTargetDependency */ = {
			isa = PBXTargetDependency;
			target = 8D0545B424DD22720035ADE1 /* @(non)escaping closures */;
			targetProxy = 8D0545D224DD22730035ADE1 /* PBXContainerItemProxy */;
		};
/* End PBXTargetDependency section */

/* Begin XCBuildConfiguration section */
		8D0545D824DD22730035ADE1 /* Debug */ = {
			isa = XCBuildConfiguration;
			buildSettings = {
				ALWAYS_SEARCH_USER_PATHS = NO;
				CLANG_ANALYZER_NONNULL = YES;
				CLANG_ANALYZER_NUMBER_OBJECT_CONVERSION = YES_AGGRESSIVE;
				CLANG_CXX_LANGUAGE_STANDARD = "gnu++14";
				CLANG_CXX_LIBRARY = "libc++";
				CLANG_ENABLE_MODULES = YES;
				CLANG_ENABLE_OBJC_ARC = YES;
				CLANG_ENABLE_OBJC_WEAK = YES;
				CLANG_WARN_BLOCK_CAPTURE_AUTORELEASING = YES;
				CLANG_WARN_BOOL_CONVERSION = YES;
				CLANG_WARN_COMMA = YES;
				CLANG_WARN_CONSTANT_CONVERSION = YES;
				CLANG_WARN_DEPRECATED_OBJC_IMPLEMENTATIONS = YES;
				CLANG_WARN_DIRECT_OBJC_ISA_USAGE = YES_ERROR;
				CLANG_WARN_DOCUMENTATION_COMMENTS = YES;
				CLANG_WARN_EMPTY_BODY = YES;
				CLANG_WARN_ENUM_CONVERSION = YES;
				CLANG_WARN_INFINITE_RECURSION = YES;
				CLANG_WARN_INT_CONVERSION = YES;
				CLANG_WARN_NON_LITERAL_NULL_CONVERSION = YES;
				CLANG_WARN_OBJC_IMPLICIT_RETAIN_SELF = YES;
				CLANG_WARN_OBJC_LITERAL_CONVERSION = YES;
				CLANG_WARN_OBJC_ROOT_CLASS = YES_ERROR;
				CLANG_WARN_QUOTED_INCLUDE_IN_FRAMEWORK_HEADER = YES;
				CLANG_WARN_RANGE_LOOP_ANALYSIS = YES;
				CLANG_WARN_STRICT_PROTOTYPES = YES;
				CLANG_WARN_SUSPICIOUS_MOVE = YES;
				CLANG_WARN_UNGUARDED_AVAILABILITY = YES_AGGRESSIVE;
				CLANG_WARN_UNREACHABLE_CODE = YES;
				CLANG_WARN__DUPLICATE_METHOD_MATCH = YES;
				COPY_PHASE_STRIP = NO;
				DEBUG_INFORMATION_FORMAT = dwarf;
				ENABLE_STRICT_OBJC_MSGSEND = YES;
				ENABLE_TESTABILITY = YES;
				GCC_C_LANGUAGE_STANDARD = gnu11;
				GCC_DYNAMIC_NO_PIC = NO;
				GCC_NO_COMMON_BLOCKS = YES;
				GCC_OPTIMIZATION_LEVEL = 0;
				GCC_PREPROCESSOR_DEFINITIONS = (
					"DEBUG=1",
					"$(inherited)",
				);
				GCC_WARN_64_TO_32_BIT_CONVERSION = YES;
				GCC_WARN_ABOUT_RETURN_TYPE = YES_ERROR;
				GCC_WARN_UNDECLARED_SELECTOR = YES;
				GCC_WARN_UNINITIALIZED_AUTOS = YES_AGGRESSIVE;
				GCC_WARN_UNUSED_FUNCTION = YES;
				GCC_WARN_UNUSED_VARIABLE = YES;
				IPHONEOS_DEPLOYMENT_TARGET = 14.0;
				MTL_ENABLE_DEBUG_INFO = INCLUDE_SOURCE;
				MTL_FAST_MATH = YES;
				ONLY_ACTIVE_ARCH = YES;
				SDKROOT = iphoneos;
				SWIFT_ACTIVE_COMPILATION_CONDITIONS = DEBUG;
				SWIFT_OPTIMIZATION_LEVEL = "-Onone";
			};
			name = Debug;
		};
		8D0545D924DD22730035ADE1 /* Release */ = {
			isa = XCBuildConfiguration;
			buildSettings = {
				ALWAYS_SEARCH_USER_PATHS = NO;
				CLANG_ANALYZER_NONNULL = YES;
				CLANG_ANALYZER_NUMBER_OBJECT_CONVERSION = YES_AGGRESSIVE;
				CLANG_CXX_LANGUAGE_STANDARD = "gnu++14";
				CLANG_CXX_LIBRARY = "libc++";
				CLANG_ENABLE_MODULES = YES;
				CLANG_ENABLE_OBJC_ARC = YES;
				CLANG_ENABLE_OBJC_WEAK = YES;
				CLANG_WARN_BLOCK_CAPTURE_AUTORELEASING = YES;
				CLANG_WARN_BOOL_CONVERSION = YES;
				CLANG_WARN_COMMA = YES;
				CLANG_WARN_CONSTANT_CONVERSION = YES;
				CLANG_WARN_DEPRECATED_OBJC_IMPLEMENTATIONS = YES;
				CLANG_WARN_DIRECT_OBJC_ISA_USAGE = YES_ERROR;
				CLANG_WARN_DOCUMENTATION_COMMENTS = YES;
				CLANG_WARN_EMPTY_BODY = YES;
				CLANG_WARN_ENUM_CONVERSION = YES;
				CLANG_WARN_INFINITE_RECURSION = YES;
				CLANG_WARN_INT_CONVERSION = YES;
				CLANG_WARN_NON_LITERAL_NULL_CONVERSION = YES;
				CLANG_WARN_OBJC_IMPLICIT_RETAIN_SELF = YES;
				CLANG_WARN_OBJC_LITERAL_CONVERSION = YES;
				CLANG_WARN_OBJC_ROOT_CLASS = YES_ERROR;
				CLANG_WARN_QUOTED_INCLUDE_IN_FRAMEWORK_HEADER = YES;
				CLANG_WARN_RANGE_LOOP_ANALYSIS = YES;
				CLANG_WARN_STRICT_PROTOTYPES = YES;
				CLANG_WARN_SUSPICIOUS_MOVE = YES;
				CLANG_WARN_UNGUARDED_AVAILABILITY = YES_AGGRESSIVE;
				CLANG_WARN_UNREACHABLE_CODE = YES;
				CLANG_WARN__DUPLICATE_METHOD_MATCH = YES;
				COPY_PHASE_STRIP = NO;
				DEBUG_INFORMATION_FORMAT = "dwarf-with-dsym";
				ENABLE_NS_ASSERTIONS = NO;
				ENABLE_STRICT_OBJC_MSGSEND = YES;
				GCC_C_LANGUAGE_STANDARD = gnu11;
				GCC_NO_COMMON_BLOCKS = YES;
				GCC_WARN_64_TO_32_BIT_CONVERSION = YES;
				GCC_WARN_ABOUT_RETURN_TYPE = YES_ERROR;
				GCC_WARN_UNDECLARED_SELECTOR = YES;
				GCC_WARN_UNINITIALIZED_AUTOS = YES_AGGRESSIVE;
				GCC_WARN_UNUSED_FUNCTION = YES;
				GCC_WARN_UNUSED_VARIABLE = YES;
				IPHONEOS_DEPLOYMENT_TARGET = 14.0;
				MTL_ENABLE_DEBUG_INFO = NO;
				MTL_FAST_MATH = YES;
				SDKROOT = iphoneos;
				SWIFT_COMPILATION_MODE = wholemodule;
				SWIFT_OPTIMIZATION_LEVEL = "-O";
				VALIDATE_PRODUCT = YES;
			};
			name = Release;
		};
		8D0545DB24DD22730035ADE1 /* Debug */ = {
			isa = XCBuildConfiguration;
			buildSettings = {
				ASSETCATALOG_COMPILER_APPICON_NAME = AppIcon;
				ASSETCATALOG_COMPILER_GLOBAL_ACCENT_COLOR_NAME = AccentColor;
				CODE_SIGN_STYLE = Automatic;
				DEVELOPMENT_ASSET_PATHS = "\"@(non)escaping closures/Preview Content\"";
				DEVELOPMENT_TEAM = S7HY56XG6J;
				ENABLE_PREVIEWS = YES;
				INFOPLIST_FILE = "@(non)escaping closures/Info.plist";
				IPHONEOS_DEPLOYMENT_TARGET = 14.0;
				LD_RUNPATH_SEARCH_PATHS = (
					"$(inherited)",
					"@executable_path/Frameworks",
				);
				PRODUCT_BUNDLE_IDENTIFIER = "Lucas-Abijmil.--non-escaping-closures";
				PRODUCT_NAME = "$(TARGET_NAME)";
				SWIFT_VERSION = 5.0;
				TARGETED_DEVICE_FAMILY = "1,2";
			};
			name = Debug;
		};
		8D0545DC24DD22730035ADE1 /* Release */ = {
			isa = XCBuildConfiguration;
			buildSettings = {
				ASSETCATALOG_COMPILER_APPICON_NAME = AppIcon;
				ASSETCATALOG_COMPILER_GLOBAL_ACCENT_COLOR_NAME = AccentColor;
				CODE_SIGN_STYLE = Automatic;
				DEVELOPMENT_ASSET_PATHS = "\"@(non)escaping closures/Preview Content\"";
				DEVELOPMENT_TEAM = S7HY56XG6J;
				ENABLE_PREVIEWS = YES;
				INFOPLIST_FILE = "@(non)escaping closures/Info.plist";
				IPHONEOS_DEPLOYMENT_TARGET = 14.0;
				LD_RUNPATH_SEARCH_PATHS = (
					"$(inherited)",
					"@executable_path/Frameworks",
				);
				PRODUCT_BUNDLE_IDENTIFIER = "Lucas-Abijmil.--non-escaping-closures";
				PRODUCT_NAME = "$(TARGET_NAME)";
				SWIFT_VERSION = 5.0;
				TARGETED_DEVICE_FAMILY = "1,2";
			};
			name = Release;
		};
		8D0545DE24DD22730035ADE1 /* Debug */ = {
			isa = XCBuildConfiguration;
			buildSettings = {
				ALWAYS_EMBED_SWIFT_STANDARD_LIBRARIES = YES;
				BUNDLE_LOADER = "$(TEST_HOST)";
				CODE_SIGN_STYLE = Automatic;
				DEVELOPMENT_TEAM = S7HY56XG6J;
				INFOPLIST_FILE = "@(non)escaping closuresTests/Info.plist";
				IPHONEOS_DEPLOYMENT_TARGET = 14.0;
				LD_RUNPATH_SEARCH_PATHS = (
					"$(inherited)",
					"@executable_path/Frameworks",
					"@loader_path/Frameworks",
				);
				PRODUCT_BUNDLE_IDENTIFIER = "Lucas-Abijmil.--non-escaping-closuresTests";
				PRODUCT_NAME = "$(TARGET_NAME)";
				SWIFT_VERSION = 5.0;
				TARGETED_DEVICE_FAMILY = "1,2";
				TEST_HOST = "$(BUILT_PRODUCTS_DIR)/@(non)escaping closures.app/@(non)escaping closures";
			};
			name = Debug;
		};
		8D0545DF24DD22730035ADE1 /* Release */ = {
			isa = XCBuildConfiguration;
			buildSettings = {
				ALWAYS_EMBED_SWIFT_STANDARD_LIBRARIES = YES;
				BUNDLE_LOADER = "$(TEST_HOST)";
				CODE_SIGN_STYLE = Automatic;
				DEVELOPMENT_TEAM = S7HY56XG6J;
				INFOPLIST_FILE = "@(non)escaping closuresTests/Info.plist";
				IPHONEOS_DEPLOYMENT_TARGET = 14.0;
				LD_RUNPATH_SEARCH_PATHS = (
					"$(inherited)",
					"@executable_path/Frameworks",
					"@loader_path/Frameworks",
				);
				PRODUCT_BUNDLE_IDENTIFIER = "Lucas-Abijmil.--non-escaping-closuresTests";
				PRODUCT_NAME = "$(TARGET_NAME)";
				SWIFT_VERSION = 5.0;
				TARGETED_DEVICE_FAMILY = "1,2";
				TEST_HOST = "$(BUILT_PRODUCTS_DIR)/@(non)escaping closures.app/@(non)escaping closures";
			};
			name = Release;
		};
		8D0545E124DD22730035ADE1 /* Debug */ = {
			isa = XCBuildConfiguration;
			buildSettings = {
				ALWAYS_EMBED_SWIFT_STANDARD_LIBRARIES = YES;
				CODE_SIGN_STYLE = Automatic;
				DEVELOPMENT_TEAM = S7HY56XG6J;
				INFOPLIST_FILE = "@(non)escaping closuresUITests/Info.plist";
				LD_RUNPATH_SEARCH_PATHS = (
					"$(inherited)",
					"@executable_path/Frameworks",
					"@loader_path/Frameworks",
				);
				PRODUCT_BUNDLE_IDENTIFIER = "Lucas-Abijmil.--non-escaping-closuresUITests";
				PRODUCT_NAME = "$(TARGET_NAME)";
				SWIFT_VERSION = 5.0;
				TARGETED_DEVICE_FAMILY = "1,2";
				TEST_TARGET_NAME = "@(non)escaping closures";
			};
			name = Debug;
		};
		8D0545E224DD22730035ADE1 /* Release */ = {
			isa = XCBuildConfiguration;
			buildSettings = {
				ALWAYS_EMBED_SWIFT_STANDARD_LIBRARIES = YES;
				CODE_SIGN_STYLE = Automatic;
				DEVELOPMENT_TEAM = S7HY56XG6J;
				INFOPLIST_FILE = "@(non)escaping closuresUITests/Info.plist";
				LD_RUNPATH_SEARCH_PATHS = (
					"$(inherited)",
					"@executable_path/Frameworks",
					"@loader_path/Frameworks",
				);
				PRODUCT_BUNDLE_IDENTIFIER = "Lucas-Abijmil.--non-escaping-closuresUITests";
				PRODUCT_NAME = "$(TARGET_NAME)";
				SWIFT_VERSION = 5.0;
				TARGETED_DEVICE_FAMILY = "1,2";
				TEST_TARGET_NAME = "@(non)escaping closures";
			};
			name = Release;
		};
/* End XCBuildConfiguration section */

/* Begin XCConfigurationList section */
		8D0545B024DD22720035ADE1 /* Build configuration list for PBXProject "@(non)escaping closures" */ = {
			isa = XCConfigurationList;
			buildConfigurations = (
				8D0545D824DD22730035ADE1 /* Debug */,
				8D0545D924DD22730035ADE1 /* Release */,
			);
			defaultConfigurationIsVisible = 0;
			defaultConfigurationName = Release;
		};
		8D0545DA24DD22730035ADE1 /* Build configuration list for PBXNativeTarget "@(non)escaping closures" */ = {
			isa = XCConfigurationList;
			buildConfigurations = (
				8D0545DB24DD22730035ADE1 /* Debug */,
				8D0545DC24DD22730035ADE1 /* Release */,
			);
			defaultConfigurationIsVisible = 0;
			defaultConfigurationName = Release;
		};
		8D0545DD24DD22730035ADE1 /* Build configuration list for PBXNativeTarget "@(non)escaping closuresTests" */ = {
			isa = XCConfigurationList;
			buildConfigurations = (
				8D0545DE24DD22730035ADE1 /* Debug */,
				8D0545DF24DD22730035ADE1 /* Release */,
			);
			defaultConfigurationIsVisible = 0;
			defaultConfigurationName = Release;
		};
		8D0545E024DD22730035ADE1 /* Build configuration list for PBXNativeTarget "@(non)escaping closuresUITests" */ = {
			isa = XCConfigurationList;
			buildConfigurations = (
				8D0545E124DD22730035ADE1 /* Debug */,
				8D0545E224DD22730035ADE1 /* Release */,
			);
			defaultConfigurationIsVisible = 0;
			defaultConfigurationName = Release;
		};
/* End XCConfigurationList section */
	};
	rootObject = 8D0545AD24DD22720035ADE1 /* Project object */;
}
